
Microsoft Visual Studio Solution File, Format Version 12.00
# Visual Studio Version 16
VisualStudioVersion = 16.0.30114.105
MinimumVisualStudioVersion = 10.0.40219.1
Project("{FAE04EC0-301F-11D3-BF4B-00C04F79EFBC}") = "Server", "src\server.csproj", "{513DC45D-9CA2-4B87-93EA-7833A246DDD5}"
EndProject
Global
	GlobalSection(SolutionConfigurationPlatforms) = preSolution
		Debug|Any CPU = Debug|Any CPU
		Release|Any CPU = Release|Any CPU
	EndGlobalSection
	GlobalSection(SolutionProperties) = preSolution
		HideSolutionNode = FALSE
	EndGlobalSection
	GlobalSection(ProjectConfigurationPlatforms) = postSolution
		{513DC45D-9CA2-4B87-93EA-7833A246DDD5}.Debug|Any CPU.ActiveCfg = Debug|Any CPU
		{513DC45D-9CA2-4B87-93EA-7833A246DDD5}.Debug|Any CPU.Build.0 = Debug|Any CPU
		{513DC45D-9CA2-4B87-93EA-7833A246DDD5}.Release|Any CPU.ActiveCfg = Release|Any CPU
		{513DC45D-9CA2-4B87-93EA-7833A246DDD5}.Release|Any CPU.Build.0 = Release|Any CPU
	EndGlobalSection
EndGlobal
