
Microsoft Visual Studio Solution File, Format Version 12.00
# Visual Studio Version 16
VisualStudioVersion = 16.0.30114.105
MinimumVisualStudioVersion = 10.0.40219.1
Project("{FAE04EC0-301F-11D3-BF4B-00C04F79EFBC}") = "Server", "src\server.csproj", "{513DC45D-9CA2-4B87-93EA-7833A246DDD5}"
EndProject
Project("{FAE04EC0-301F-11D3-BF4B-00C04F79EFBC}") = "Model5e", "Model5e\Model5e.csproj", "{77615950-AC84-4781-88F1-53322E9002E7}"
EndProject
Project("{FAE04EC0-301F-11D3-BF4B-00C04F79EFBC}") = "Model", "Model\Model.csproj", "{729B2550-EB06-4796-8BEC-31B4E3C1A004}"
EndProject
Global
	GlobalSection(SolutionConfigurationPlatforms) = preSolution
		Debug|Any CPU = Debug|Any CPU
		Release|Any CPU = Release|Any CPU
	EndGlobalSection
	GlobalSection(SolutionProperties) = preSolution
		HideSolutionNode = FALSE
	EndGlobalSection
	GlobalSection(ProjectConfigurationPlatforms) = postSolution
		{513DC45D-9CA2-4B87-93EA-7833A246DDD5}.Debug|Any CPU.ActiveCfg = Debug|Any CPU
		{513DC45D-9CA2-4B87-93EA-7833A246DDD5}.Debug|Any CPU.Build.0 = Debug|Any CPU
		{513DC45D-9CA2-4B87-93EA-7833A246DDD5}.Release|Any CPU.ActiveCfg = Release|Any CPU
		{513DC45D-9CA2-4B87-93EA-7833A246DDD5}.Release|Any CPU.Build.0 = Release|Any CPU
		{77615950-AC84-4781-88F1-53322E9002E7}.Debug|Any CPU.ActiveCfg = Debug|Any CPU
		{77615950-AC84-4781-88F1-53322E9002E7}.Debug|Any CPU.Build.0 = Debug|Any CPU
		{77615950-AC84-4781-88F1-53322E9002E7}.Release|Any CPU.ActiveCfg = Release|Any CPU
		{77615950-AC84-4781-88F1-53322E9002E7}.Release|Any CPU.Build.0 = Release|Any CPU
		{729B2550-EB06-4796-8BEC-31B4E3C1A004}.Debug|Any CPU.ActiveCfg = Debug|Any CPU
		{729B2550-EB06-4796-8BEC-31B4E3C1A004}.Debug|Any CPU.Build.0 = Debug|Any CPU
		{729B2550-EB06-4796-8BEC-31B4E3C1A004}.Release|Any CPU.ActiveCfg = Release|Any CPU
		{729B2550-EB06-4796-8BEC-31B4E3C1A004}.Release|Any CPU.Build.0 = Release|Any CPU
	EndGlobalSection
EndGlobal
